
Microsoft Visual Studio Solution File, Format Version 12.00
# Visual Studio Version 16
VisualStudioVersion = 16.0.32126.315
MinimumVisualStudioVersion = 10.0.40219.1
Project("{FAE04EC0-301F-11D3-BF4B-00C04F79EFBC}") = "BuyProduct", "BuyProduct\BuyProduct.csproj", "{25DC6E16-E0CE-4D8B-8BA8-61A51D3FB57C}"
EndProject
Project("{FAE04EC0-301F-11D3-BF4B-00C04F79EFBC}") = "conReadDB", "conReadDB\conReadDB.csproj", "{920E87CC-1860-4CA3-A7F1-A3CF00FD8B6B}"
EndProject
Global
	GlobalSection(SolutionConfigurationPlatforms) = preSolution
		Debug|Any CPU = Debug|Any CPU
		Release|Any CPU = Release|Any CPU
	EndGlobalSection
	GlobalSection(ProjectConfigurationPlatforms) = postSolution
		{25DC6E16-E0CE-4D8B-8BA8-61A51D3FB57C}.Debug|Any CPU.ActiveCfg = Debug|Any CPU
		{25DC6E16-E0CE-4D8B-8BA8-61A51D3FB57C}.Debug|Any CPU.Build.0 = Debug|Any CPU
		{25DC6E16-E0CE-4D8B-8BA8-61A51D3FB57C}.Release|Any CPU.ActiveCfg = Release|Any CPU
		{25DC6E16-E0CE-4D8B-8BA8-61A51D3FB57C}.Release|Any CPU.Build.0 = Release|Any CPU
		{920E87CC-1860-4CA3-A7F1-A3CF00FD8B6B}.Debug|Any CPU.ActiveCfg = Debug|Any CPU
		{920E87CC-1860-4CA3-A7F1-A3CF00FD8B6B}.Debug|Any CPU.Build.0 = Debug|Any CPU
		{920E87CC-1860-4CA3-A7F1-A3CF00FD8B6B}.Release|Any CPU.ActiveCfg = Release|Any CPU
		{920E87CC-1860-4CA3-A7F1-A3CF00FD8B6B}.Release|Any CPU.Build.0 = Release|Any CPU
	EndGlobalSection
	GlobalSection(SolutionProperties) = preSolution
		HideSolutionNode = FALSE
	EndGlobalSection
	GlobalSection(ExtensibilityGlobals) = postSolution
		SolutionGuid = {5403D145-5DEF-400D-9C71-0FC4C3A3B9E4}
	EndGlobalSection
EndGlobal
